// !$*UTF8*$!
{
	archiveVersion = 1;
	classes = {
	};
	objectVersion = 55;
	objects = {

/* Begin PBXBuildFile section */
		F88BE37428A29AC0002D3D81 /* AppDelegate.swift in Sources */ = {isa = PBXBuildFile; fileRef = F88BE37328A29AC0002D3D81 /* AppDelegate.swift */; };
		F88BE37628A29AC0002D3D81 /* SceneDelegate.swift in Sources */ = {isa = PBXBuildFile; fileRef = F88BE37528A29AC0002D3D81 /* SceneDelegate.swift */; };
		F88BE37828A29AC0002D3D81 /* ViewController.swift in Sources */ = {isa = PBXBuildFile; fileRef = F88BE37728A29AC0002D3D81 /* ViewController.swift */; };
		F88BE37B28A29AC0002D3D81 /* Main.storyboard in Resources */ = {isa = PBXBuildFile; fileRef = F88BE37928A29AC0002D3D81 /* Main.storyboard */; };
		F88BE37D28A29AC4002D3D81 /* Assets.xcassets in Resources */ = {isa = PBXBuildFile; fileRef = F88BE37C28A29AC4002D3D81 /* Assets.xcassets */; };
		F88BE38028A29AC4002D3D81 /* LaunchScreen.storyboard in Resources */ = {isa = PBXBuildFile; fileRef = F88BE37E28A29AC4002D3D81 /* LaunchScreen.storyboard */; };
		F88BE38B28A29AC4002D3D81 /* TheSocialNetworkChallengeTests.swift in Sources */ = {isa = PBXBuildFile; fileRef = F88BE38A28A29AC4002D3D81 /* TheSocialNetworkChallengeTests.swift */; };
		F88BE39528A29AC4002D3D81 /* TheSocialNetworkChallengeUITests.swift in Sources */ = {isa = PBXBuildFile; fileRef = F88BE39428A29AC4002D3D81 /* TheSocialNetworkChallengeUITests.swift */; };
		F88BE39728A29AC4002D3D81 /* TheSocialNetworkChallengeUITestsLaunchTests.swift in Sources */ = {isa = PBXBuildFile; fileRef = F88BE39628A29AC4002D3D81 /* TheSocialNetworkChallengeUITestsLaunchTests.swift */; };
		F88BE3A428A2A4FB002D3D81 /* API.swift in Sources */ = {isa = PBXBuildFile; fileRef = F88BE3A328A2A4FB002D3D81 /* API.swift */; };
/* End PBXBuildFile section */

/* Begin PBXContainerItemProxy section */
		F88BE38728A29AC4002D3D81 /* PBXContainerItemProxy */ = {
			isa = PBXContainerItemProxy;
			containerPortal = F88BE36828A29AC0002D3D81 /* Project object */;
			proxyType = 1;
			remoteGlobalIDString = F88BE36F28A29AC0002D3D81;
			remoteInfo = TheSocialNetworkChallenge;
		};
		F88BE39128A29AC4002D3D81 /* PBXContainerItemProxy */ = {
			isa = PBXContainerItemProxy;
			containerPortal = F88BE36828A29AC0002D3D81 /* Project object */;
			proxyType = 1;
			remoteGlobalIDString = F88BE36F28A29AC0002D3D81;
			remoteInfo = TheSocialNetworkChallenge;
		};
/* End PBXContainerItemProxy section */

/* Begin PBXFileReference section */
		F88BE37028A29AC0002D3D81 /* TheSocialNetworkChallenge.app */ = {isa = PBXFileReference; explicitFileType = wrapper.application; includeInIndex = 0; path = TheSocialNetworkChallenge.app; sourceTree = BUILT_PRODUCTS_DIR; };
		F88BE37328A29AC0002D3D81 /* AppDelegate.swift */ = {isa = PBXFileReference; lastKnownFileType = sourcecode.swift; path = AppDelegate.swift; sourceTree = "<group>"; };
		F88BE37528A29AC0002D3D81 /* SceneDelegate.swift */ = {isa = PBXFileReference; lastKnownFileType = sourcecode.swift; path = SceneDelegate.swift; sourceTree = "<group>"; };
		F88BE37728A29AC0002D3D81 /* ViewController.swift */ = {isa = PBXFileReference; lastKnownFileType = sourcecode.swift; path = ViewController.swift; sourceTree = "<group>"; };
		F88BE37A28A29AC0002D3D81 /* Base */ = {isa = PBXFileReference; lastKnownFileType = file.storyboard; name = Base; path = Base.lproj/Main.storyboard; sourceTree = "<group>"; };
		F88BE37C28A29AC4002D3D81 /* Assets.xcassets */ = {isa = PBXFileReference; lastKnownFileType = folder.assetcatalog; path = Assets.xcassets; sourceTree = "<group>"; };
		F88BE37F28A29AC4002D3D81 /* Base */ = {isa = PBXFileReference; lastKnownFileType = file.storyboard; name = Base; path = Base.lproj/LaunchScreen.storyboard; sourceTree = "<group>"; };
		F88BE38128A29AC4002D3D81 /* Info.plist */ = {isa = PBXFileReference; lastKnownFileType = text.plist.xml; path = Info.plist; sourceTree = "<group>"; };
		F88BE38628A29AC4002D3D81 /* TheSocialNetworkChallengeTests.xctest */ = {isa = PBXFileReference; explicitFileType = wrapper.cfbundle; includeInIndex = 0; path = TheSocialNetworkChallengeTests.xctest; sourceTree = BUILT_PRODUCTS_DIR; };
		F88BE38A28A29AC4002D3D81 /* TheSocialNetworkChallengeTests.swift */ = {isa = PBXFileReference; lastKnownFileType = sourcecode.swift; path = TheSocialNetworkChallengeTests.swift; sourceTree = "<group>"; };
		F88BE39028A29AC4002D3D81 /* TheSocialNetworkChallengeUITests.xctest */ = {isa = PBXFileReference; explicitFileType = wrapper.cfbundle; includeInIndex = 0; path = TheSocialNetworkChallengeUITests.xctest; sourceTree = BUILT_PRODUCTS_DIR; };
		F88BE39428A29AC4002D3D81 /* TheSocialNetworkChallengeUITests.swift */ = {isa = PBXFileReference; lastKnownFileType = sourcecode.swift; path = TheSocialNetworkChallengeUITests.swift; sourceTree = "<group>"; };
		F88BE39628A29AC4002D3D81 /* TheSocialNetworkChallengeUITestsLaunchTests.swift */ = {isa = PBXFileReference; lastKnownFileType = sourcecode.swift; path = TheSocialNetworkChallengeUITestsLaunchTests.swift; sourceTree = "<group>"; };
		F88BE3A328A2A4FB002D3D81 /* API.swift */ = {isa = PBXFileReference; lastKnownFileType = sourcecode.swift; path = API.swift; sourceTree = "<group>"; };
/* End PBXFileReference section */

/* Begin PBXFrameworksBuildPhase section */
		F88BE36D28A29AC0002D3D81 /* Frameworks */ = {
			isa = PBXFrameworksBuildPhase;
			buildActionMask = 2147483647;
			files = (
			);
			runOnlyForDeploymentPostprocessing = 0;
		};
		F88BE38328A29AC4002D3D81 /* Frameworks */ = {
			isa = PBXFrameworksBuildPhase;
			buildActionMask = 2147483647;
			files = (
			);
			runOnlyForDeploymentPostprocessing = 0;
		};
		F88BE38D28A29AC4002D3D81 /* Frameworks */ = {
			isa = PBXFrameworksBuildPhase;
			buildActionMask = 2147483647;
			files = (
			);
			runOnlyForDeploymentPostprocessing = 0;
		};
/* End PBXFrameworksBuildPhase section */

/* Begin PBXGroup section */
		F88BE36728A29AC0002D3D81 = {
			isa = PBXGroup;
			children = (
				F88BE37228A29AC0002D3D81 /* TheSocialNetworkChallenge */,
				F88BE38928A29AC4002D3D81 /* TheSocialNetworkChallengeTests */,
				F88BE39328A29AC4002D3D81 /* TheSocialNetworkChallengeUITests */,
				F88BE37128A29AC0002D3D81 /* Products */,
			);
			sourceTree = "<group>";
		};
		F88BE37128A29AC0002D3D81 /* Products */ = {
			isa = PBXGroup;
			children = (
				F88BE37028A29AC0002D3D81 /* TheSocialNetworkChallenge.app */,
				F88BE38628A29AC4002D3D81 /* TheSocialNetworkChallengeTests.xctest */,
				F88BE39028A29AC4002D3D81 /* TheSocialNetworkChallengeUITests.xctest */,
			);
			name = Products;
			sourceTree = "<group>";
		};
		F88BE37228A29AC0002D3D81 /* TheSocialNetworkChallenge */ = {
			isa = PBXGroup;
			children = (
				F88BE37328A29AC0002D3D81 /* AppDelegate.swift */,
				F88BE37528A29AC0002D3D81 /* SceneDelegate.swift */,
				F88BE37728A29AC0002D3D81 /* ViewController.swift */,
				F88BE37928A29AC0002D3D81 /* Main.storyboard */,
				F88BE37C28A29AC4002D3D81 /* Assets.xcassets */,
				F88BE37E28A29AC4002D3D81 /* LaunchScreen.storyboard */,
				F88BE38128A29AC4002D3D81 /* Info.plist */,
				F88BE3A328A2A4FB002D3D81 /* API.swift */,
			);
			path = TheSocialNetworkChallenge;
			sourceTree = "<group>";
		};
		F88BE38928A29AC4002D3D81 /* TheSocialNetworkChallengeTests */ = {
			isa = PBXGroup;
			children = (
				F88BE38A28A29AC4002D3D81 /* TheSocialNetworkChallengeTests.swift */,
			);
			path = TheSocialNetworkChallengeTests;
			sourceTree = "<group>";
		};
		F88BE39328A29AC4002D3D81 /* TheSocialNetworkChallengeUITests */ = {
			isa = PBXGroup;
			children = (
				F88BE39428A29AC4002D3D81 /* TheSocialNetworkChallengeUITests.swift */,
				F88BE39628A29AC4002D3D81 /* TheSocialNetworkChallengeUITestsLaunchTests.swift */,
			);
			path = TheSocialNetworkChallengeUITests;
			sourceTree = "<group>";
		};
/* End PBXGroup section */

/* Begin PBXNativeTarget section */
		F88BE36F28A29AC0002D3D81 /* TheSocialNetworkChallenge */ = {
			isa = PBXNativeTarget;
			buildConfigurationList = F88BE39A28A29AC4002D3D81 /* Build configuration list for PBXNativeTarget "TheSocialNetworkChallenge" */;
			buildPhases = (
				F88BE36C28A29AC0002D3D81 /* Sources */,
				F88BE36D28A29AC0002D3D81 /* Frameworks */,
				F88BE36E28A29AC0002D3D81 /* Resources */,
			);
			buildRules = (
			);
			dependencies = (
			);
			name = TheSocialNetworkChallenge;
			productName = TheSocialNetworkChallenge;
			productReference = F88BE37028A29AC0002D3D81 /* TheSocialNetworkChallenge.app */;
			productType = "com.apple.product-type.application";
		};
		F88BE38528A29AC4002D3D81 /* TheSocialNetworkChallengeTests */ = {
			isa = PBXNativeTarget;
			buildConfigurationList = F88BE39D28A29AC4002D3D81 /* Build configuration list for PBXNativeTarget "TheSocialNetworkChallengeTests" */;
			buildPhases = (
				F88BE38228A29AC4002D3D81 /* Sources */,
				F88BE38328A29AC4002D3D81 /* Frameworks */,
				F88BE38428A29AC4002D3D81 /* Resources */,
			);
			buildRules = (
			);
			dependencies = (
				F88BE38828A29AC4002D3D81 /* PBXTargetDependency */,
			);
			name = TheSocialNetworkChallengeTests;
			productName = TheSocialNetworkChallengeTests;
			productReference = F88BE38628A29AC4002D3D81 /* TheSocialNetworkChallengeTests.xctest */;
			productType = "com.apple.product-type.bundle.unit-test";
		};
		F88BE38F28A29AC4002D3D81 /* TheSocialNetworkChallengeUITests */ = {
			isa = PBXNativeTarget;
			buildConfigurationList = F88BE3A028A29AC4002D3D81 /* Build configuration list for PBXNativeTarget "TheSocialNetworkChallengeUITests" */;
			buildPhases = (
				F88BE38C28A29AC4002D3D81 /* Sources */,
				F88BE38D28A29AC4002D3D81 /* Frameworks */,
				F88BE38E28A29AC4002D3D81 /* Resources */,
			);
			buildRules = (
			);
			dependencies = (
				F88BE39228A29AC4002D3D81 /* PBXTargetDependency */,
			);
			name = TheSocialNetworkChallengeUITests;
			productName = TheSocialNetworkChallengeUITests;
			productReference = F88BE39028A29AC4002D3D81 /* TheSocialNetworkChallengeUITests.xctest */;
			productType = "com.apple.product-type.bundle.ui-testing";
		};
/* End PBXNativeTarget section */

/* Begin PBXProject section */
		F88BE36828A29AC0002D3D81 /* Project object */ = {
			isa = PBXProject;
			attributes = {
				BuildIndependentTargetsInParallel = 1;
				LastSwiftUpdateCheck = 1340;
				LastUpgradeCheck = 1340;
				TargetAttributes = {
					F88BE36F28A29AC0002D3D81 = {
						CreatedOnToolsVersion = 13.4.1;
					};
					F88BE38528A29AC4002D3D81 = {
						CreatedOnToolsVersion = 13.4.1;
						TestTargetID = F88BE36F28A29AC0002D3D81;
					};
					F88BE38F28A29AC4002D3D81 = {
						CreatedOnToolsVersion = 13.4.1;
						TestTargetID = F88BE36F28A29AC0002D3D81;
					};
				};
			};
			buildConfigurationList = F88BE36B28A29AC0002D3D81 /* Build configuration list for PBXProject "TheSocialNetworkChallenge" */;
			compatibilityVersion = "Xcode 13.0";
			developmentRegion = en;
			hasScannedForEncodings = 0;
			knownRegions = (
				en,
				Base,
			);
			mainGroup = F88BE36728A29AC0002D3D81;
			productRefGroup = F88BE37128A29AC0002D3D81 /* Products */;
			projectDirPath = "";
			projectRoot = "";
			targets = (
				F88BE36F28A29AC0002D3D81 /* TheSocialNetworkChallenge */,
				F88BE38528A29AC4002D3D81 /* TheSocialNetworkChallengeTests */,
				F88BE38F28A29AC4002D3D81 /* TheSocialNetworkChallengeUITests */,
			);
		};
/* End PBXProject section */

/* Begin PBXResourcesBuildPhase section */
		F88BE36E28A29AC0002D3D81 /* Resources */ = {
			isa = PBXResourcesBuildPhase;
			buildActionMask = 2147483647;
			files = (
				F88BE38028A29AC4002D3D81 /* LaunchScreen.storyboard in Resources */,
				F88BE37D28A29AC4002D3D81 /* Assets.xcassets in Resources */,
				F88BE37B28A29AC0002D3D81 /* Main.storyboard in Resources */,
			);
			runOnlyForDeploymentPostprocessing = 0;
		};
		F88BE38428A29AC4002D3D81 /* Resources */ = {
			isa = PBXResourcesBuildPhase;
			buildActionMask = 2147483647;
			files = (
			);
			runOnlyForDeploymentPostprocessing = 0;
		};
		F88BE38E28A29AC4002D3D81 /* Resources */ = {
			isa = PBXResourcesBuildPhase;
			buildActionMask = 2147483647;
			files = (
			);
			runOnlyForDeploymentPostprocessing = 0;
		};
/* End PBXResourcesBuildPhase section */

/* Begin PBXSourcesBuildPhase section */
		F88BE36C28A29AC0002D3D81 /* Sources */ = {
			isa = PBXSourcesBuildPhase;
			buildActionMask = 2147483647;
			files = (
				F88BE37828A29AC0002D3D81 /* ViewController.swift in Sources */,
				F88BE37428A29AC0002D3D81 /* AppDelegate.swift in Sources */,
				F88BE3A428A2A4FB002D3D81 /* API.swift in Sources */,
				F88BE37628A29AC0002D3D81 /* SceneDelegate.swift in Sources */,
			);
			runOnlyForDeploymentPostprocessing = 0;
		};
		F88BE38228A29AC4002D3D81 /* Sources */ = {
			isa = PBXSourcesBuildPhase;
			buildActionMask = 2147483647;
			files = (
				F88BE38B28A29AC4002D3D81 /* TheSocialNetworkChallengeTests.swift in Sources */,
			);
			runOnlyForDeploymentPostprocessing = 0;
		};
		F88BE38C28A29AC4002D3D81 /* Sources */ = {
			isa = PBXSourcesBuildPhase;
			buildActionMask = 2147483647;
			files = (
				F88BE39728A29AC4002D3D81 /* TheSocialNetworkChallengeUITestsLaunchTests.swift in Sources */,
				F88BE39528A29AC4002D3D81 /* TheSocialNetworkChallengeUITests.swift in Sources */,
			);
			runOnlyForDeploymentPostprocessing = 0;
		};
/* End PBXSourcesBuildPhase section */

/* Begin PBXTargetDependency section */
		F88BE38828A29AC4002D3D81 /* PBXTargetDependency */ = {
			isa = PBXTargetDependency;
			target = F88BE36F28A29AC0002D3D81 /* TheSocialNetworkChallenge */;
			targetProxy = F88BE38728A29AC4002D3D81 /* PBXContainerItemProxy */;
		};
		F88BE39228A29AC4002D3D81 /* PBXTargetDependency */ = {
			isa = PBXTargetDependency;
			target = F88BE36F28A29AC0002D3D81 /* TheSocialNetworkChallenge */;
			targetProxy = F88BE39128A29AC4002D3D81 /* PBXContainerItemProxy */;
		};
/* End PBXTargetDependency section */

/* Begin PBXVariantGroup section */
		F88BE37928A29AC0002D3D81 /* Main.storyboard */ = {
			isa = PBXVariantGroup;
			children = (
				F88BE37A28A29AC0002D3D81 /* Base */,
			);
			name = Main.storyboard;
			sourceTree = "<group>";
		};
		F88BE37E28A29AC4002D3D81 /* LaunchScreen.storyboard */ = {
			isa = PBXVariantGroup;
			children = (
				F88BE37F28A29AC4002D3D81 /* Base */,
			);
			name = LaunchScreen.storyboard;
			sourceTree = "<group>";
		};
/* End PBXVariantGroup section */

/* Begin XCBuildConfiguration section */
		F88BE39828A29AC4002D3D81 /* Debug */ = {
			isa = XCBuildConfiguration;
			buildSettings = {
				ALWAYS_SEARCH_USER_PATHS = NO;
				CLANG_ANALYZER_NONNULL = YES;
				CLANG_ANALYZER_NUMBER_OBJECT_CONVERSION = YES_AGGRESSIVE;
				CLANG_CXX_LANGUAGE_STANDARD = "gnu++17";
				CLANG_ENABLE_MODULES = YES;
				CLANG_ENABLE_OBJC_ARC = YES;
				CLANG_ENABLE_OBJC_WEAK = YES;
				CLANG_WARN_BLOCK_CAPTURE_AUTORELEASING = YES;
				CLANG_WARN_BOOL_CONVERSION = YES;
				CLANG_WARN_COMMA = YES;
				CLANG_WARN_CONSTANT_CONVERSION = YES;
				CLANG_WARN_DEPRECATED_OBJC_IMPLEMENTATIONS = YES;
				CLANG_WARN_DIRECT_OBJC_ISA_USAGE = YES_ERROR;
				CLANG_WARN_DOCUMENTATION_COMMENTS = YES;
				CLANG_WARN_EMPTY_BODY = YES;
				CLANG_WARN_ENUM_CONVERSION = YES;
				CLANG_WARN_INFINITE_RECURSION = YES;
				CLANG_WARN_INT_CONVERSION = YES;
				CLANG_WARN_NON_LITERAL_NULL_CONVERSION = YES;
				CLANG_WARN_OBJC_IMPLICIT_RETAIN_SELF = YES;
				CLANG_WARN_OBJC_LITERAL_CONVERSION = YES;
				CLANG_WARN_OBJC_ROOT_CLASS = YES_ERROR;
				CLANG_WARN_QUOTED_INCLUDE_IN_FRAMEWORK_HEADER = YES;
				CLANG_WARN_RANGE_LOOP_ANALYSIS = YES;
				CLANG_WARN_STRICT_PROTOTYPES = YES;
				CLANG_WARN_SUSPICIOUS_MOVE = YES;
				CLANG_WARN_UNGUARDED_AVAILABILITY = YES_AGGRESSIVE;
				CLANG_WARN_UNREACHABLE_CODE = YES;
				CLANG_WARN__DUPLICATE_METHOD_MATCH = YES;
				COPY_PHASE_STRIP = NO;
				DEBUG_INFORMATION_FORMAT = dwarf;
				ENABLE_STRICT_OBJC_MSGSEND = YES;
				ENABLE_TESTABILITY = YES;
				GCC_C_LANGUAGE_STANDARD = gnu11;
				GCC_DYNAMIC_NO_PIC = NO;
				GCC_NO_COMMON_BLOCKS = YES;
				GCC_OPTIMIZATION_LEVEL = 0;
				GCC_PREPROCESSOR_DEFINITIONS = (
					"DEBUG=1",
					"$(inherited)",
				);
				GCC_WARN_64_TO_32_BIT_CONVERSION = YES;
				GCC_WARN_ABOUT_RETURN_TYPE = YES_ERROR;
				GCC_WARN_UNDECLARED_SELECTOR = YES;
				GCC_WARN_UNINITIALIZED_AUTOS = YES_AGGRESSIVE;
				GCC_WARN_UNUSED_FUNCTION = YES;
				GCC_WARN_UNUSED_VARIABLE = YES;
				IPHONEOS_DEPLOYMENT_TARGET = 15.5;
				MTL_ENABLE_DEBUG_INFO = INCLUDE_SOURCE;
				MTL_FAST_MATH = YES;
				ONLY_ACTIVE_ARCH = YES;
				SDKROOT = iphoneos;
				SWIFT_ACTIVE_COMPILATION_CONDITIONS = DEBUG;
				SWIFT_OPTIMIZATION_LEVEL = "-Onone";
			};
			name = Debug;
		};
		F88BE39928A29AC4002D3D81 /* Release */ = {
			isa = XCBuildConfiguration;
			buildSettings = {
				ALWAYS_SEARCH_USER_PATHS = NO;
				CLANG_ANALYZER_NONNULL = YES;
				CLANG_ANALYZER_NUMBER_OBJECT_CONVERSION = YES_AGGRESSIVE;
				CLANG_CXX_LANGUAGE_STANDARD = "gnu++17";
				CLANG_ENABLE_MODULES = YES;
				CLANG_ENABLE_OBJC_ARC = YES;
				CLANG_ENABLE_OBJC_WEAK = YES;
				CLANG_WARN_BLOCK_CAPTURE_AUTORELEASING = YES;
				CLANG_WARN_BOOL_CONVERSION = YES;
				CLANG_WARN_COMMA = YES;
				CLANG_WARN_CONSTANT_CONVERSION = YES;
				CLANG_WARN_DEPRECATED_OBJC_IMPLEMENTATIONS = YES;
				CLANG_WARN_DIRECT_OBJC_ISA_USAGE = YES_ERROR;
				CLANG_WARN_DOCUMENTATION_COMMENTS = YES;
				CLANG_WARN_EMPTY_BODY = YES;
				CLANG_WARN_ENUM_CONVERSION = YES;
				CLANG_WARN_INFINITE_RECURSION = YES;
				CLANG_WARN_INT_CONVERSION = YES;
				CLANG_WARN_NON_LITERAL_NULL_CONVERSION = YES;
				CLANG_WARN_OBJC_IMPLICIT_RETAIN_SELF = YES;
				CLANG_WARN_OBJC_LITERAL_CONVERSION = YES;
				CLANG_WARN_OBJC_ROOT_CLASS = YES_ERROR;
				CLANG_WARN_QUOTED_INCLUDE_IN_FRAMEWORK_HEADER = YES;
				CLANG_WARN_RANGE_LOOP_ANALYSIS = YES;
				CLANG_WARN_STRICT_PROTOTYPES = YES;
				CLANG_WARN_SUSPICIOUS_MOVE = YES;
				CLANG_WARN_UNGUARDED_AVAILABILITY = YES_AGGRESSIVE;
				CLANG_WARN_UNREACHABLE_CODE = YES;
				CLANG_WARN__DUPLICATE_METHOD_MATCH = YES;
				COPY_PHASE_STRIP = NO;
				DEBUG_INFORMATION_FORMAT = "dwarf-with-dsym";
				ENABLE_NS_ASSERTIONS = NO;
				ENABLE_STRICT_OBJC_MSGSEND = YES;
				GCC_C_LANGUAGE_STANDARD = gnu11;
				GCC_NO_COMMON_BLOCKS = YES;
				GCC_WARN_64_TO_32_BIT_CONVERSION = YES;
				GCC_WARN_ABOUT_RETURN_TYPE = YES_ERROR;
				GCC_WARN_UNDECLARED_SELECTOR = YES;
				GCC_WARN_UNINITIALIZED_AUTOS = YES_AGGRESSIVE;
				GCC_WARN_UNUSED_FUNCTION = YES;
				GCC_WARN_UNUSED_VARIABLE = YES;
				IPHONEOS_DEPLOYMENT_TARGET = 15.5;
				MTL_ENABLE_DEBUG_INFO = NO;
				MTL_FAST_MATH = YES;
				SDKROOT = iphoneos;
				SWIFT_COMPILATION_MODE = wholemodule;
				SWIFT_OPTIMIZATION_LEVEL = "-O";
				VALIDATE_PRODUCT = YES;
			};
			name = Release;
		};
		F88BE39B28A29AC4002D3D81 /* Debug */ = {
			isa = XCBuildConfiguration;
			buildSettings = {
				ASSETCATALOG_COMPILER_APPICON_NAME = AppIcon;
				ASSETCATALOG_COMPILER_GLOBAL_ACCENT_COLOR_NAME = AccentColor;
				CODE_SIGN_STYLE = Automatic;
				CURRENT_PROJECT_VERSION = 1;
				DEVELOPMENT_TEAM = 88KH7Y2P56;
				GENERATE_INFOPLIST_FILE = YES;
				INFOPLIST_FILE = TheSocialNetworkChallenge/Info.plist;
				INFOPLIST_KEY_UIApplicationSupportsIndirectInputEvents = YES;
				INFOPLIST_KEY_UILaunchStoryboardName = LaunchScreen;
				INFOPLIST_KEY_UIMainStoryboardFile = Main;
				INFOPLIST_KEY_UISupportedInterfaceOrientations_iPad = "UIInterfaceOrientationPortrait UIInterfaceOrientationPortraitUpsideDown UIInterfaceOrientationLandscapeLeft UIInterfaceOrientationLandscapeRight";
				INFOPLIST_KEY_UISupportedInterfaceOrientations_iPhone = "UIInterfaceOrientationPortrait UIInterfaceOrientationLandscapeLeft UIInterfaceOrientationLandscapeRight";
				LD_RUNPATH_SEARCH_PATHS = (
					"$(inherited)",
					"@executable_path/Frameworks",
				);
				MARKETING_VERSION = 1.0;
				PRODUCT_BUNDLE_IDENTIFIER = com.ada.TheSocialNetworkChallenge;
				PRODUCT_NAME = "$(TARGET_NAME)";
				SWIFT_EMIT_LOC_STRINGS = YES;
				SWIFT_VERSION = 5.0;
				TARGETED_DEVICE_FAMILY = "1,2";
			};
			name = Debug;
		};
		F88BE39C28A29AC4002D3D81 /* Release */ = {
			isa = XCBuildConfiguration;
			buildSettings = {
				ASSETCATALOG_COMPILER_APPICON_NAME = AppIcon;
				ASSETCATALOG_COMPILER_GLOBAL_ACCENT_COLOR_NAME = AccentColor;
				CODE_SIGN_STYLE = Automatic;
				CURRENT_PROJECT_VERSION = 1;
				DEVELOPMENT_TEAM = 88KH7Y2P56;
				GENERATE_INFOPLIST_FILE = YES;
				INFOPLIST_FILE = TheSocialNetworkChallenge/Info.plist;
				INFOPLIST_KEY_UIApplicationSupportsIndirectInputEvents = YES;
				INFOPLIST_KEY_UILaunchStoryboardName = LaunchScreen;
				INFOPLIST_KEY_UIMainStoryboardFile = Main;
				INFOPLIST_KEY_UISupportedInterfaceOrientations_iPad = "UIInterfaceOrientationPortrait UIInterfaceOrientationPortraitUpsideDown UIInterfaceOrientationLandscapeLeft UIInterfaceOrientationLandscapeRight";
				INFOPLIST_KEY_UISupportedInterfaceOrientations_iPhone = "UIInterfaceOrientationPortrait UIInterfaceOrientationLandscapeLeft UIInterfaceOrientationLandscapeRight";
				LD_RUNPATH_SEARCH_PATHS = (
					"$(inherited)",
					"@executable_path/Frameworks",
				);
				MARKETING_VERSION = 1.0;
				PRODUCT_BUNDLE_IDENTIFIER = com.ada.TheSocialNetworkChallenge;
				PRODUCT_NAME = "$(TARGET_NAME)";
				SWIFT_EMIT_LOC_STRINGS = YES;
				SWIFT_VERSION = 5.0;
				TARGETED_DEVICE_FAMILY = "1,2";
			};
			name = Release;
		};
		F88BE39E28A29AC4002D3D81 /* Debug */ = {
			isa = XCBuildConfiguration;
			buildSettings = {
				ALWAYS_EMBED_SWIFT_STANDARD_LIBRARIES = YES;
				BUNDLE_LOADER = "$(TEST_HOST)";
				CODE_SIGN_STYLE = Automatic;
				CURRENT_PROJECT_VERSION = 1;
				DEVELOPMENT_TEAM = 88KH7Y2P56;
				GENERATE_INFOPLIST_FILE = YES;
				IPHONEOS_DEPLOYMENT_TARGET = 15.5;
				MARKETING_VERSION = 1.0;
				PRODUCT_BUNDLE_IDENTIFIER = com.ada.TheSocialNetworkChallengeTests;
				PRODUCT_NAME = "$(TARGET_NAME)";
				SWIFT_EMIT_LOC_STRINGS = NO;
				SWIFT_VERSION = 5.0;
				TARGETED_DEVICE_FAMILY = "1,2";
				TEST_HOST = "$(BUILT_PRODUCTS_DIR)/TheSocialNetworkChallenge.app/TheSocialNetworkChallenge";
			};
			name = Debug;
		};
		F88BE39F28A29AC4002D3D81 /* Release */ = {
			isa = XCBuildConfiguration;
			buildSettings = {
				ALWAYS_EMBED_SWIFT_STANDARD_LIBRARIES = YES;
				BUNDLE_LOADER = "$(TEST_HOST)";
				CODE_SIGN_STYLE = Automatic;
				CURRENT_PROJECT_VERSION = 1;
				DEVELOPMENT_TEAM = 88KH7Y2P56;
				GENERATE_INFOPLIST_FILE = YES;
				IPHONEOS_DEPLOYMENT_TARGET = 15.5;
				MARKETING_VERSION = 1.0;
				PRODUCT_BUNDLE_IDENTIFIER = com.ada.TheSocialNetworkChallengeTests;
				PRODUCT_NAME = "$(TARGET_NAME)";
				SWIFT_EMIT_LOC_STRINGS = NO;
				SWIFT_VERSION = 5.0;
				TARGETED_DEVICE_FAMILY = "1,2";
				TEST_HOST = "$(BUILT_PRODUCTS_DIR)/TheSocialNetworkChallenge.app/TheSocialNetworkChallenge";
			};
			name = Release;
		};
		F88BE3A128A29AC4002D3D81 /* Debug */ = {
			isa = XCBuildConfiguration;
			buildSettings = {
				ALWAYS_EMBED_SWIFT_STANDARD_LIBRARIES = YES;
				CODE_SIGN_STYLE = Automatic;
				CURRENT_PROJECT_VERSION = 1;
				DEVELOPMENT_TEAM = 88KH7Y2P56;
				GENERATE_INFOPLIST_FILE = YES;
				MARKETING_VERSION = 1.0;
				PRODUCT_BUNDLE_IDENTIFIER = com.ada.TheSocialNetworkChallengeUITests;
				PRODUCT_NAME = "$(TARGET_NAME)";
				SWIFT_EMIT_LOC_STRINGS = NO;
				SWIFT_VERSION = 5.0;
				TARGETED_DEVICE_FAMILY = "1,2";
				TEST_TARGET_NAME = TheSocialNetworkChallenge;
			};
			name = Debug;
		};
		F88BE3A228A29AC4002D3D81 /* Release */ = {
			isa = XCBuildConfiguration;
			buildSettings = {
				ALWAYS_EMBED_SWIFT_STANDARD_LIBRARIES = YES;
				CODE_SIGN_STYLE = Automatic;
				CURRENT_PROJECT_VERSION = 1;
				DEVELOPMENT_TEAM = 88KH7Y2P56;
				GENERATE_INFOPLIST_FILE = YES;
				MARKETING_VERSION = 1.0;
				PRODUCT_BUNDLE_IDENTIFIER = com.ada.TheSocialNetworkChallengeUITests;
				PRODUCT_NAME = "$(TARGET_NAME)";
				SWIFT_EMIT_LOC_STRINGS = NO;
				SWIFT_VERSION = 5.0;
				TARGETED_DEVICE_FAMILY = "1,2";
				TEST_TARGET_NAME = TheSocialNetworkChallenge;
			};
			name = Release;
		};
/* End XCBuildConfiguration section */

/* Begin XCConfigurationList section */
		F88BE36B28A29AC0002D3D81 /* Build configuration list for PBXProject "TheSocialNetworkChallenge" */ = {
			isa = XCConfigurationList;
			buildConfigurations = (
				F88BE39828A29AC4002D3D81 /* Debug */,
				F88BE39928A29AC4002D3D81 /* Release */,
			);
			defaultConfigurationIsVisible = 0;
			defaultConfigurationName = Release;
		};
		F88BE39A28A29AC4002D3D81 /* Build configuration list for PBXNativeTarget "TheSocialNetworkChallenge" */ = {
			isa = XCConfigurationList;
			buildConfigurations = (
				F88BE39B28A29AC4002D3D81 /* Debug */,
				F88BE39C28A29AC4002D3D81 /* Release */,
			);
			defaultConfigurationIsVisible = 0;
			defaultConfigurationName = Release;
		};
		F88BE39D28A29AC4002D3D81 /* Build configuration list for PBXNativeTarget "TheSocialNetworkChallengeTests" */ = {
			isa = XCConfigurationList;
			buildConfigurations = (
				F88BE39E28A29AC4002D3D81 /* Debug */,
				F88BE39F28A29AC4002D3D81 /* Release */,
			);
			defaultConfigurationIsVisible = 0;
			defaultConfigurationName = Release;
		};
		F88BE3A028A29AC4002D3D81 /* Build configuration list for PBXNativeTarget "TheSocialNetworkChallengeUITests" */ = {
			isa = XCConfigurationList;
			buildConfigurations = (
				F88BE3A128A29AC4002D3D81 /* Debug */,
				F88BE3A228A29AC4002D3D81 /* Release */,
			);
			defaultConfigurationIsVisible = 0;
			defaultConfigurationName = Release;
		};
/* End XCConfigurationList section */
	};
	rootObject = F88BE36828A29AC0002D3D81 /* Project object */;
}
